
Microsoft Visual Studio Solution File, Format Version 12.00
# Visual Studio Version 17
VisualStudioVersion = 17.14.36109.1 d17.14
MinimumVisualStudioVersion = 10.0.40219.1
Project("{FAE04EC0-301F-11D3-BF4B-00C04F79EFBC}") = "WebProductos", "WebProductos\WebProductos.csproj", "{0E28CE57-C3F4-40C0-BDC2-1A5C4FA9E23E}"
EndProject
Global
	GlobalSection(SolutionConfigurationPlatforms) = preSolution
		Debug|Any CPU = Debug|Any CPU
		Release|Any CPU = Release|Any CPU
	EndGlobalSection
	GlobalSection(ProjectConfigurationPlatforms) = postSolution
		{0E28CE57-C3F4-40C0-BDC2-1A5C4FA9E23E}.Debug|Any CPU.ActiveCfg = Debug|Any CPU
		{0E28CE57-C3F4-40C0-BDC2-1A5C4FA9E23E}.Debug|Any CPU.Build.0 = Debug|Any CPU
		{0E28CE57-C3F4-40C0-BDC2-1A5C4FA9E23E}.Release|Any CPU.ActiveCfg = Release|Any CPU
		{0E28CE57-C3F4-40C0-BDC2-1A5C4FA9E23E}.Release|Any CPU.Build.0 = Release|Any CPU
	EndGlobalSection
	GlobalSection(SolutionProperties) = preSolution
		HideSolutionNode = FALSE
	EndGlobalSection
	GlobalSection(ExtensibilityGlobals) = postSolution
		SolutionGuid = {A31FBB7F-178E-484C-A4BC-B4B036B70A7F}
	EndGlobalSection
EndGlobal
